
Microsoft Visual Studio Solution File, Format Version 12.00
# Visual Studio Version 17
VisualStudioVersion = 17.0.31903.59
MinimumVisualStudioVersion = 10.0.40219.1
Project("{FAE04EC0-301F-11D3-BF4B-00C04F79EFBC}") = "SampleNuGet", "SampleNuGet\SampleNuGet.csproj", "{3A0FC704-7730-4C0B-A869-0BA687842864}"
EndProject
Project("{FAE04EC0-301F-11D3-BF4B-00C04F79EFBC}") = "SampleNuGet.Tests", "SampleNuGet.Tests\SampleNuGet.Tests.csproj", "{80B7A251-9AB3-419A-B6B5-C29B4020DE7D}"
EndProject
Global
	GlobalSection(SolutionConfigurationPlatforms) = preSolution
		Debug|Any CPU = Debug|Any CPU
		Release|Any CPU = Release|Any CPU
	EndGlobalSection
	GlobalSection(SolutionProperties) = preSolution
		HideSolutionNode = FALSE
	EndGlobalSection
	GlobalSection(ProjectConfigurationPlatforms) = postSolution
		{3A0FC704-7730-4C0B-A869-0BA687842864}.Debug|Any CPU.ActiveCfg = Debug|Any CPU
		{3A0FC704-7730-4C0B-A869-0BA687842864}.Debug|Any CPU.Build.0 = Debug|Any CPU
		{3A0FC704-7730-4C0B-A869-0BA687842864}.Release|Any CPU.ActiveCfg = Release|Any CPU
		{3A0FC704-7730-4C0B-A869-0BA687842864}.Release|Any CPU.Build.0 = Release|Any CPU
		{80B7A251-9AB3-419A-B6B5-C29B4020DE7D}.Debug|Any CPU.ActiveCfg = Debug|Any CPU
		{80B7A251-9AB3-419A-B6B5-C29B4020DE7D}.Debug|Any CPU.Build.0 = Debug|Any CPU
		{80B7A251-9AB3-419A-B6B5-C29B4020DE7D}.Release|Any CPU.ActiveCfg = Release|Any CPU
		{80B7A251-9AB3-419A-B6B5-C29B4020DE7D}.Release|Any CPU.Build.0 = Release|Any CPU
	EndGlobalSection
EndGlobal
